// !$*UTF8*$!
{
	archiveVersion = 1;
	classes = {
	};
	objectVersion = 48;
	objects = {

/* Begin PBXBuildFile section */
		584FA07653569975F193CA6A /* URLSession.swift in Sources */ = {isa = PBXBuildFile; fileRef = 584FADA98234C4376BC7001B /* URLSession.swift */; };
		584FA086C6EB6164BEAF570F /* SECP256k1Signature.swift in Sources */ = {isa = PBXBuildFile; fileRef = 584FAF36CF77BCFA226DBC10 /* SECP256k1Signature.swift */; };
		584FA138C9BB7DB508B7CE7A /* ViewController.swift in Sources */ = {isa = PBXBuildFile; fileRef = 584FA45C40DF6C4BFEC42622 /* ViewController.swift */; };
		584FA1ABF36DF6A3737885A8 /* RandomNonce.swift in Sources */ = {isa = PBXBuildFile; fileRef = 584FAC896AB2A7CD22F7E0ED /* RandomNonce.swift */; };
		584FA138C9BB7DB508B7CE7A /* UserWalletViewController.swift in Sources */ = {isa = PBXBuildFile; fileRef = 584FA45C40DF6C4BFEC42622 /* UserWalletViewController.swift */; };
		584FA1B126727D8ABD945C47 /* Assets.xcassets in Resources */ = {isa = PBXBuildFile; fileRef = 584FA65D150C0408D970CE43 /* Assets.xcassets */; };
		584FA1FD78EC21D3296B53EF /* WealthManagementProcedure.swift in Sources */ = {isa = PBXBuildFile; fileRef = 584FA888B4E04BB0F9CBBF81 /* WealthManagementProcedure.swift */; };
		584FA27348269EC17EA591AF /* BooleanParameter.swift in Sources */ = {isa = PBXBuildFile; fileRef = 584FA687BEC2ADED7F3E61E5 /* BooleanParameter.swift */; };
		584FA2DE4572678A5B20B3D3 /* Wallet.swift in Sources */ = {isa = PBXBuildFile; fileRef = 584FA674FA54A6F8D5301F01 /* Wallet.swift */; };
		584FA31E65638C3B9BC5F41F /* SimpleRLP.swift in Sources */ = {isa = PBXBuildFile; fileRef = 584FAD035B4657DDC2B0D107 /* SimpleRLP.swift */; };
		584FA32BF7C473EAE267C477 /* StringParameter.swift in Sources */ = {isa = PBXBuildFile; fileRef = 584FA356E75810F1CE74FDFB /* StringParameter.swift */; };
		584FA334F127E900E86B3E15 /* Int.swift in Sources */ = {isa = PBXBuildFile; fileRef = 584FA185D34F6B07897E46F6 /* Int.swift */; };
		584FA35BB68A204897F0988A /* LatestBlockChainState.swift in Sources */ = {isa = PBXBuildFile; fileRef = 584FA2CD29AAB5DA166140F0 /* LatestBlockChainState.swift */; };
		584FA37BC15BD46A4FC7CB02 /* Address.swift in Sources */ = {isa = PBXBuildFile; fileRef = 584FA891EDA9B2FBEF30C75B /* Address.swift */; };
		584FA382DDCA52231F143BE4 /* Main.storyboard in Resources */ = {isa = PBXBuildFile; fileRef = 584FA3ED08E85F70E4DEB03F /* Main.storyboard */; };
		584FA3D6860FA77D2B4A096B /* KovanInfuraNetwork.swift in Sources */ = {isa = PBXBuildFile; fileRef = 584FA62C7C8E46DC899C2DC5 /* KovanInfuraNetwork.swift */; };
		584FA4F70B7CA8CC6C620CF0 /* QuantityParameter.swift in Sources */ = {isa = PBXBuildFile; fileRef = 584FA9520C9193A59F07B592 /* QuantityParameter.swift */; };
		584FA55878830C5312BC858D /* RLPCollectionsAppendix.swift in Sources */ = {isa = PBXBuildFile; fileRef = 584FAECD5EE27D092612151C /* RLPCollectionsAppendix.swift */; };
		584FA5889F55AB80C8A4E853 /* PendingBlockChainState.swift in Sources */ = {isa = PBXBuildFile; fileRef = 584FA82B5CA819BBC78748C0 /* PendingBlockChainState.swift */; };
		584FA6792CA3204DD81622FE /* GetGasPriceProcedure.swift in Sources */ = {isa = PBXBuildFile; fileRef = 584FA9B829EA0FCFCA8E49B5 /* GetGasPriceProcedure.swift */; };
		584FA69D401A60EE702922A6 /* ChainIDProcedure.swift in Sources */ = {isa = PBXBuildFile; fileRef = 584FA3BC24A380817A3D6B59 /* ChainIDProcedure.swift */; };
		584FA6EF09DA402E0C9AF091 /* Entropy.swift in Sources */ = {isa = PBXBuildFile; fileRef = 584FAEAEDF2D9563E2DE126B /* Entropy.swift */; };
		584FA7133E6453056F2C09EB /* RemoteProcedure.swift in Sources */ = {isa = PBXBuildFile; fileRef = 584FAFEEC58DF89849E9F4A3 /* RemoteProcedure.swift */; };
		584FA71965BFCF0DC6ABF7EB /* TrustAccount.swift in Sources */ = {isa = PBXBuildFile; fileRef = 584FA742D6D8576C41DFD99F /* TrustAccount.swift */; };
		584FA7392D50079C9BF895FE /* RLPStandardAppendix.swift in Sources */ = {isa = PBXBuildFile; fileRef = 584FAE781E6DB665DE9EC4F4 /* RLPStandardAppendix.swift */; };
		584FA74CFF482C0FD91AAAA7 /* AddressParameter.swift in Sources */ = {isa = PBXBuildFile; fileRef = 584FA06F8545F49BDE5FB32A /* AddressParameter.swift */; };
		584FA770D24D6BEA0710F3D7 /* RLPBytesAppendix.swift in Sources */ = {isa = PBXBuildFile; fileRef = 584FA2296E7E248565BC507B /* RLPBytesAppendix.swift */; };
		584FA846A034CF354116C019 /* JSON.swift in Sources */ = {isa = PBXBuildFile; fileRef = 584FAE9F151C10412B3C3BF0 /* JSON.swift */; };
		584FA87E773D5997522BF477 /* RLPAppendix.swift in Sources */ = {isa = PBXBuildFile; fileRef = 584FA7BFF4911685586100BA /* RLPAppendix.swift */; };
		584FA9057A0476C0F5F0813C /* Network.swift in Sources */ = {isa = PBXBuildFile; fileRef = 584FAEEF9D62F9091CD2B142 /* Network.swift */; };
		584FA92DC4099260AD65B2B3 /* EthTransactions.swift in Sources */ = {isa = PBXBuildFile; fileRef = 584FA45C8486CC692EA82C99 /* EthTransactions.swift */; };
		584FA967943135351100EF6C /* EarliestBlockChainState.swift in Sources */ = {isa = PBXBuildFile; fileRef = 584FA0FE2AA9572DDD617C7E /* EarliestBlockChainState.swift */; };
		584FAA05EC5D04CBF473FE2C /* NetworkAdapter.swift in Sources */ = {isa = PBXBuildFile; fileRef = 584FABA1088B48CF89C2679D /* NetworkAdapter.swift */; };
		584FAA28270B01E181F2725F /* User.swift in Sources */ = {isa = PBXBuildFile; fileRef = 584FA7A50EB9A7299208A83F /* User.swift */; };
		584FABE78A4FD020DC21D690 /* Transactions.swift in Sources */ = {isa = PBXBuildFile; fileRef = 584FADFE857D1B01A8F373E9 /* Transactions.swift */; };
		584FAC404978A094348D6B98 /* RLP.swift in Sources */ = {isa = PBXBuildFile; fileRef = 584FA6625AB94CAEF3ED80DE /* RLP.swift */; };
		584FACA0D9045313E11AEE0E /* BlockChainState.swift in Sources */ = {isa = PBXBuildFile; fileRef = 584FA6CB1DBD0E655874E9FD /* BlockChainState.swift */; };
		584FACF4E2EDC6A780343587 /* SimpleAddress.swift in Sources */ = {isa = PBXBuildFile; fileRef = 584FA167E77B2086A41DED0E /* SimpleAddress.swift */; };
		584FAD16A1DDE1266F1B267B /* SimpleNetwork.swift in Sources */ = {isa = PBXBuildFile; fileRef = 584FADCFD86F8368264584B4 /* SimpleNetwork.swift */; };
		584FAD4BA41011A873B53C7E /* NetworkError.swift in Sources */ = {isa = PBXBuildFile; fileRef = 584FAC23C260D514E1912B45 /* NetworkError.swift */; };
		584FAD4C25358AF302CB9DC7 /* GetTransactionsCountProcedure.swift in Sources */ = {isa = PBXBuildFile; fileRef = 584FA6C444E2B904E9F3BF58 /* GetTransactionsCountProcedure.swift */; };
		584FAD602AB8809C26F1A88E /* ObjectParameter.swift in Sources */ = {isa = PBXBuildFile; fileRef = 584FA3DF05A24DEF0414FFF7 /* ObjectParameter.swift */; };
		584FAD8D1FB3D2D8200871A6 /* TagParameter.swift in Sources */ = {isa = PBXBuildFile; fileRef = 584FA168A6A91D848A1D329B /* TagParameter.swift */; };
		584FADC29820AE71F6E4B90D /* Data.swift in Sources */ = {isa = PBXBuildFile; fileRef = 584FA55D914BB39DFD6C2337 /* Data.swift */; };
		584FADDA666E2CB96C3343BB /* String.swift in Sources */ = {isa = PBXBuildFile; fileRef = 584FACABBCD3ACBDC590936F /* String.swift */; };
		584FAE0457C9FD8AED06E8B5 /* LaunchScreen.storyboard in Resources */ = {isa = PBXBuildFile; fileRef = 584FA4EA87738D3B4E6E0175 /* LaunchScreen.storyboard */; };
		584FAE67EED28A9E3972E889 /* StickyComputation.swift in Sources */ = {isa = PBXBuildFile; fileRef = 584FAA18B1C68B98FBB87BF2 /* StickyComputation.swift */; };
		584FAE9ABC35B11931B1223F /* TransactionHashParameter.swift in Sources */ = {isa = PBXBuildFile; fileRef = 584FA7516DB49C3F2782796D /* TransactionHashParameter.swift */; };
		584FAECAE26A0F8D526B6DFA /* URLPostRequest.swift in Sources */ = {isa = PBXBuildFile; fileRef = 584FA7E0373FD2238B33C9A1 /* URLPostRequest.swift */; };
		584FAEDF344F3424F774F2A7 /* GethParameter.swift in Sources */ = {isa = PBXBuildFile; fileRef = 584FA6BE3A8D74C5703B9823 /* GethParameter.swift */; };
		96C55DAC20386C2D00F7B8B3 /* AppDelegate.swift in Sources */ = {isa = PBXBuildFile; fileRef = 96C55DAB20386C2D00F7B8B3 /* AppDelegate.swift */; };
		96C55DC120386C2E00F7B8B3 /* SberDEXManagementTests.swift in Sources */ = {isa = PBXBuildFile; fileRef = 96C55DC020386C2E00F7B8B3 /* SberDEXManagementTests.swift */; };
		A84D0C913F090F4568A17F74 /* Pods_SberDEXManagementTests.framework in Frameworks */ = {isa = PBXBuildFile; fileRef = B4858A6FA3E65367E981E454 /* Pods_SberDEXManagementTests.framework */; };
		BACF8CBA8351E31C3631378F /* Pods_SberDEXManagement.framework in Frameworks */ = {isa = PBXBuildFile; fileRef = 0EF449D630C44854DBB8DF3F /* Pods_SberDEXManagement.framework */; };
		FDD375E42038964600D7982A /* StandardSectionModel.swift in Sources */ = {isa = PBXBuildFile; fileRef = FDD375E22038964600D7982A /* StandardSectionModel.swift */; };
		FDD375E52038964600D7982A /* StandardTableView.swift in Sources */ = {isa = PBXBuildFile; fileRef = FDD375E32038964600D7982A /* StandardTableView.swift */; };
		FDD375E7203896AA00D7982A /* SberCoinCell.swift in Sources */ = {isa = PBXBuildFile; fileRef = FDD375E6203896AA00D7982A /* SberCoinCell.swift */; };
		FDD375E9203896D900D7982A /* AddTrustAccountCell.swift in Sources */ = {isa = PBXBuildFile; fileRef = FDD375E8203896D900D7982A /* AddTrustAccountCell.swift */; };
		FDD375EB203896F400D7982A /* TrustAccountCell.swift in Sources */ = {isa = PBXBuildFile; fileRef = FDD375EA203896F400D7982A /* TrustAccountCell.swift */; };
		FDD375F0203897FF00D7982A /* StandardLabel.swift in Sources */ = {isa = PBXBuildFile; fileRef = FDD375ED203897FE00D7982A /* StandardLabel.swift */; };
		FDD375F1203897FF00D7982A /* Text.swift in Sources */ = {isa = PBXBuildFile; fileRef = FDD375EE203897FE00D7982A /* Text.swift */; };
		FDD375F2203897FF00D7982A /* StandardRoundEdgeButton.swift in Sources */ = {isa = PBXBuildFile; fileRef = FDD375EF203897FF00D7982A /* StandardRoundEdgeButton.swift */; };
		FDD375FE2038994C00D7982A /* UIView.swift in Sources */ = {isa = PBXBuildFile; fileRef = FDD375F62038994B00D7982A /* UIView.swift */; };
		FDD375FF2038994C00D7982A /* UIStackView.swift in Sources */ = {isa = PBXBuildFile; fileRef = FDD375F72038994B00D7982A /* UIStackView.swift */; };
		FDD376002038994C00D7982A /* UIColor.swift in Sources */ = {isa = PBXBuildFile; fileRef = FDD375F82038994B00D7982A /* UIColor.swift */; };
		FDD376012038994C00D7982A /* UITableView.swift in Sources */ = {isa = PBXBuildFile; fileRef = FDD375F92038994B00D7982A /* UITableView.swift */; };
		FDD376022038994C00D7982A /* UITextField.swift in Sources */ = {isa = PBXBuildFile; fileRef = FDD375FA2038994B00D7982A /* UITextField.swift */; };
		FDD376032038994C00D7982A /* UIButton.swift in Sources */ = {isa = PBXBuildFile; fileRef = FDD375FB2038994B00D7982A /* UIButton.swift */; };
		FDD376042038994C00D7982A /* UIFont.swift in Sources */ = {isa = PBXBuildFile; fileRef = FDD375FC2038994B00D7982A /* UIFont.swift */; };
		FDD376052038994C00D7982A /* UILabel.swift in Sources */ = {isa = PBXBuildFile; fileRef = FDD375FD2038994B00D7982A /* UILabel.swift */; };
		FDD376082038A2A700D7982A /* MakeDepositViewController.swift in Sources */ = {isa = PBXBuildFile; fileRef = FDD376072038A2A700D7982A /* MakeDepositViewController.swift */; };
		FDD3760A2038A45300D7982A /* WithdrawViewController.swift in Sources */ = {isa = PBXBuildFile; fileRef = FDD376092038A45300D7982A /* WithdrawViewController.swift */; };
		FDD3760C2038A4D600D7982A /* CeateTrustViewController.swift in Sources */ = {isa = PBXBuildFile; fileRef = FDD3760B2038A4D600D7982A /* CeateTrustViewController.swift */; };
		FDD3760F2038EA2900D7982A /* SegmentControl.swift in Sources */ = {isa = PBXBuildFile; fileRef = FDD3760D2038EA2700D7982A /* SegmentControl.swift */; };
		FDD376102038EA2900D7982A /* HorizontalStackView.swift in Sources */ = {isa = PBXBuildFile; fileRef = FDD3760E2038EA2800D7982A /* HorizontalStackView.swift */; };
/* End PBXBuildFile section */

/* Begin PBXContainerItemProxy section */
		96C55DBD20386C2E00F7B8B3 /* PBXContainerItemProxy */ = {
			isa = PBXContainerItemProxy;
			containerPortal = 96C55DA020386C2D00F7B8B3 /* Project object */;
			proxyType = 1;
			remoteGlobalIDString = 96C55DA720386C2D00F7B8B3;
			remoteInfo = SberDEXManagement;
		};
/* End PBXContainerItemProxy section */

/* Begin PBXFileReference section */
		00A5AF60C23EEDC52A1B52E5 /* Pods-SberDEXManagement.release.xcconfig */ = {isa = PBXFileReference; includeInIndex = 1; lastKnownFileType = text.xcconfig; name = "Pods-SberDEXManagement.release.xcconfig"; path = "Pods/Target Support Files/Pods-SberDEXManagement/Pods-SberDEXManagement.release.xcconfig"; sourceTree = "<group>"; };
		053A22A52E7CF1B4B5E01655 /* Pods-SberDEXManagementTests.debug.xcconfig */ = {isa = PBXFileReference; includeInIndex = 1; lastKnownFileType = text.xcconfig; name = "Pods-SberDEXManagementTests.debug.xcconfig"; path = "Pods/Target Support Files/Pods-SberDEXManagementTests/Pods-SberDEXManagementTests.debug.xcconfig"; sourceTree = "<group>"; };
		0EF449D630C44854DBB8DF3F /* Pods_SberDEXManagement.framework */ = {isa = PBXFileReference; explicitFileType = wrapper.framework; includeInIndex = 0; path = Pods_SberDEXManagement.framework; sourceTree = BUILT_PRODUCTS_DIR; };
		168DBD6A574B4EE4BE3C0E4E /* Pods-SberDEXManagementTests.release.xcconfig */ = {isa = PBXFileReference; includeInIndex = 1; lastKnownFileType = text.xcconfig; name = "Pods-SberDEXManagementTests.release.xcconfig"; path = "Pods/Target Support Files/Pods-SberDEXManagementTests/Pods-SberDEXManagementTests.release.xcconfig"; sourceTree = "<group>"; };
		52BE613E7AAFC83806205E4C /* Pods-SberDEXManagement.debug.xcconfig */ = {isa = PBXFileReference; includeInIndex = 1; lastKnownFileType = text.xcconfig; name = "Pods-SberDEXManagement.debug.xcconfig"; path = "Pods/Target Support Files/Pods-SberDEXManagement/Pods-SberDEXManagement.debug.xcconfig"; sourceTree = "<group>"; };
		584FA06F8545F49BDE5FB32A /* AddressParameter.swift */ = {isa = PBXFileReference; fileEncoding = 4; lastKnownFileType = sourcecode.swift; path = AddressParameter.swift; sourceTree = "<group>"; };
		584FA0FE2AA9572DDD617C7E /* EarliestBlockChainState.swift */ = {isa = PBXFileReference; fileEncoding = 4; lastKnownFileType = sourcecode.swift; path = EarliestBlockChainState.swift; sourceTree = "<group>"; };
		584FA1645132E7D9B4B530A0 /* Info.plist */ = {isa = PBXFileReference; fileEncoding = 4; lastKnownFileType = text.plist.info; path = Info.plist; sourceTree = "<group>"; };
		584FA167E77B2086A41DED0E /* SimpleAddress.swift */ = {isa = PBXFileReference; fileEncoding = 4; lastKnownFileType = sourcecode.swift; path = SimpleAddress.swift; sourceTree = "<group>"; };
		584FA168A6A91D848A1D329B /* TagParameter.swift */ = {isa = PBXFileReference; fileEncoding = 4; lastKnownFileType = sourcecode.swift; path = TagParameter.swift; sourceTree = "<group>"; };
		584FA185D34F6B07897E46F6 /* Int.swift */ = {isa = PBXFileReference; fileEncoding = 4; lastKnownFileType = sourcecode.swift; path = Int.swift; sourceTree = "<group>"; };
		584FA2296E7E248565BC507B /* RLPBytesAppendix.swift */ = {isa = PBXFileReference; fileEncoding = 4; lastKnownFileType = sourcecode.swift; path = RLPBytesAppendix.swift; sourceTree = "<group>"; };
		584FA2CD29AAB5DA166140F0 /* LatestBlockChainState.swift */ = {isa = PBXFileReference; fileEncoding = 4; lastKnownFileType = sourcecode.swift; path = LatestBlockChainState.swift; sourceTree = "<group>"; };
		584FA356E75810F1CE74FDFB /* StringParameter.swift */ = {isa = PBXFileReference; fileEncoding = 4; lastKnownFileType = sourcecode.swift; path = StringParameter.swift; sourceTree = "<group>"; };
		584FA3BC24A380817A3D6B59 /* ChainIDProcedure.swift */ = {isa = PBXFileReference; fileEncoding = 4; lastKnownFileType = sourcecode.swift; path = ChainIDProcedure.swift; sourceTree = "<group>"; };
		584FA3DF05A24DEF0414FFF7 /* ObjectParameter.swift */ = {isa = PBXFileReference; fileEncoding = 4; lastKnownFileType = sourcecode.swift; path = ObjectParameter.swift; sourceTree = "<group>"; };
		584FA3ED08E85F70E4DEB03F /* Main.storyboard */ = {isa = PBXFileReference; lastKnownFileType = file.storyboard; path = Main.storyboard; sourceTree = "<group>"; };
		584FA45C40DF6C4BFEC42622 /* ViewController.swift */ = {isa = PBXFileReference; fileEncoding = 4; lastKnownFileType = sourcecode.swift; path = ViewController.swift; sourceTree = "<group>"; };
		584FA45C8486CC692EA82C99 /* EthTransactions.swift */ = {isa = PBXFileReference; fileEncoding = 4; lastKnownFileType = sourcecode.swift; path = EthTransactions.swift; sourceTree = "<group>"; };
		584FA45C40DF6C4BFEC42622 /* UserWalletViewController.swift */ = {isa = PBXFileReference; fileEncoding = 4; lastKnownFileType = sourcecode.swift; path = UserWalletViewController.swift; sourceTree = "<group>"; };
		584FA4EA87738D3B4E6E0175 /* LaunchScreen.storyboard */ = {isa = PBXFileReference; lastKnownFileType = file.storyboard; path = LaunchScreen.storyboard; sourceTree = "<group>"; };
		584FA55D914BB39DFD6C2337 /* Data.swift */ = {isa = PBXFileReference; fileEncoding = 4; lastKnownFileType = sourcecode.swift; path = Data.swift; sourceTree = "<group>"; };
		584FA62C7C8E46DC899C2DC5 /* KovanInfuraNetwork.swift */ = {isa = PBXFileReference; fileEncoding = 4; lastKnownFileType = sourcecode.swift; path = KovanInfuraNetwork.swift; sourceTree = "<group>"; };
		584FA65D150C0408D970CE43 /* Assets.xcassets */ = {isa = PBXFileReference; lastKnownFileType = folder.assetcatalog; path = Assets.xcassets; sourceTree = "<group>"; };
		584FA6625AB94CAEF3ED80DE /* RLP.swift */ = {isa = PBXFileReference; fileEncoding = 4; lastKnownFileType = sourcecode.swift; path = RLP.swift; sourceTree = "<group>"; };
		584FA674FA54A6F8D5301F01 /* Wallet.swift */ = {isa = PBXFileReference; fileEncoding = 4; lastKnownFileType = sourcecode.swift; path = Wallet.swift; sourceTree = "<group>"; };
		584FA687BEC2ADED7F3E61E5 /* BooleanParameter.swift */ = {isa = PBXFileReference; fileEncoding = 4; lastKnownFileType = sourcecode.swift; path = BooleanParameter.swift; sourceTree = "<group>"; };
		584FA6BE3A8D74C5703B9823 /* GethParameter.swift */ = {isa = PBXFileReference; fileEncoding = 4; lastKnownFileType = sourcecode.swift; path = GethParameter.swift; sourceTree = "<group>"; };
		584FA6C444E2B904E9F3BF58 /* GetTransactionsCountProcedure.swift */ = {isa = PBXFileReference; fileEncoding = 4; lastKnownFileType = sourcecode.swift; path = GetTransactionsCountProcedure.swift; sourceTree = "<group>"; };
		584FA6CB1DBD0E655874E9FD /* BlockChainState.swift */ = {isa = PBXFileReference; fileEncoding = 4; lastKnownFileType = sourcecode.swift; path = BlockChainState.swift; sourceTree = "<group>"; };
		584FA742D6D8576C41DFD99F /* TrustAccount.swift */ = {isa = PBXFileReference; fileEncoding = 4; lastKnownFileType = sourcecode.swift; path = TrustAccount.swift; sourceTree = "<group>"; };
		584FA7516DB49C3F2782796D /* TransactionHashParameter.swift */ = {isa = PBXFileReference; fileEncoding = 4; lastKnownFileType = sourcecode.swift; path = TransactionHashParameter.swift; sourceTree = "<group>"; };
		584FA7A50EB9A7299208A83F /* User.swift */ = {isa = PBXFileReference; fileEncoding = 4; lastKnownFileType = sourcecode.swift; path = User.swift; sourceTree = "<group>"; };
		584FA7BFF4911685586100BA /* RLPAppendix.swift */ = {isa = PBXFileReference; fileEncoding = 4; lastKnownFileType = sourcecode.swift; path = RLPAppendix.swift; sourceTree = "<group>"; };
		584FA7E0373FD2238B33C9A1 /* URLPostRequest.swift */ = {isa = PBXFileReference; fileEncoding = 4; lastKnownFileType = sourcecode.swift; path = URLPostRequest.swift; sourceTree = "<group>"; };
		584FA82B5CA819BBC78748C0 /* PendingBlockChainState.swift */ = {isa = PBXFileReference; fileEncoding = 4; lastKnownFileType = sourcecode.swift; path = PendingBlockChainState.swift; sourceTree = "<group>"; };
		584FA888B4E04BB0F9CBBF81 /* WealthManagementProcedure.swift */ = {isa = PBXFileReference; fileEncoding = 4; lastKnownFileType = sourcecode.swift; path = WealthManagementProcedure.swift; sourceTree = "<group>"; };
		584FA891EDA9B2FBEF30C75B /* Address.swift */ = {isa = PBXFileReference; fileEncoding = 4; lastKnownFileType = sourcecode.swift; path = Address.swift; sourceTree = "<group>"; };
		584FA9520C9193A59F07B592 /* QuantityParameter.swift */ = {isa = PBXFileReference; fileEncoding = 4; lastKnownFileType = sourcecode.swift; path = QuantityParameter.swift; sourceTree = "<group>"; };
		584FA9B829EA0FCFCA8E49B5 /* GetGasPriceProcedure.swift */ = {isa = PBXFileReference; fileEncoding = 4; lastKnownFileType = sourcecode.swift; path = GetGasPriceProcedure.swift; sourceTree = "<group>"; };
		584FAA18B1C68B98FBB87BF2 /* StickyComputation.swift */ = {isa = PBXFileReference; fileEncoding = 4; lastKnownFileType = sourcecode.swift; path = StickyComputation.swift; sourceTree = "<group>"; };
		584FABA1088B48CF89C2679D /* NetworkAdapter.swift */ = {isa = PBXFileReference; fileEncoding = 4; lastKnownFileType = sourcecode.swift; path = NetworkAdapter.swift; sourceTree = "<group>"; };
		584FAC23C260D514E1912B45 /* NetworkError.swift */ = {isa = PBXFileReference; fileEncoding = 4; lastKnownFileType = sourcecode.swift; path = NetworkError.swift; sourceTree = "<group>"; };
		584FAC896AB2A7CD22F7E0ED /* RandomNonce.swift */ = {isa = PBXFileReference; fileEncoding = 4; lastKnownFileType = sourcecode.swift; path = RandomNonce.swift; sourceTree = "<group>"; };
		584FACABBCD3ACBDC590936F /* String.swift */ = {isa = PBXFileReference; fileEncoding = 4; lastKnownFileType = sourcecode.swift; path = String.swift; sourceTree = "<group>"; };
		584FAD035B4657DDC2B0D107 /* SimpleRLP.swift */ = {isa = PBXFileReference; fileEncoding = 4; lastKnownFileType = sourcecode.swift; path = SimpleRLP.swift; sourceTree = "<group>"; };
		584FADA98234C4376BC7001B /* URLSession.swift */ = {isa = PBXFileReference; fileEncoding = 4; lastKnownFileType = sourcecode.swift; path = URLSession.swift; sourceTree = "<group>"; };
		584FADCFD86F8368264584B4 /* SimpleNetwork.swift */ = {isa = PBXFileReference; fileEncoding = 4; lastKnownFileType = sourcecode.swift; path = SimpleNetwork.swift; sourceTree = "<group>"; };
		584FADFE857D1B01A8F373E9 /* Transactions.swift */ = {isa = PBXFileReference; fileEncoding = 4; lastKnownFileType = sourcecode.swift; path = Transactions.swift; sourceTree = "<group>"; };
		584FAE781E6DB665DE9EC4F4 /* RLPStandardAppendix.swift */ = {isa = PBXFileReference; fileEncoding = 4; lastKnownFileType = sourcecode.swift; path = RLPStandardAppendix.swift; sourceTree = "<group>"; };
		584FAE9F151C10412B3C3BF0 /* JSON.swift */ = {isa = PBXFileReference; fileEncoding = 4; lastKnownFileType = sourcecode.swift; path = JSON.swift; sourceTree = "<group>"; };
		584FAEAEDF2D9563E2DE126B /* Entropy.swift */ = {isa = PBXFileReference; fileEncoding = 4; lastKnownFileType = sourcecode.swift; path = Entropy.swift; sourceTree = "<group>"; };
		584FAECD5EE27D092612151C /* RLPCollectionsAppendix.swift */ = {isa = PBXFileReference; fileEncoding = 4; lastKnownFileType = sourcecode.swift; path = RLPCollectionsAppendix.swift; sourceTree = "<group>"; };
		584FAEEF9D62F9091CD2B142 /* Network.swift */ = {isa = PBXFileReference; fileEncoding = 4; lastKnownFileType = sourcecode.swift; path = Network.swift; sourceTree = "<group>"; };
		584FAF36CF77BCFA226DBC10 /* SECP256k1Signature.swift */ = {isa = PBXFileReference; fileEncoding = 4; lastKnownFileType = sourcecode.swift; path = SECP256k1Signature.swift; sourceTree = "<group>"; };
		584FAFEEC58DF89849E9F4A3 /* RemoteProcedure.swift */ = {isa = PBXFileReference; fileEncoding = 4; lastKnownFileType = sourcecode.swift; path = RemoteProcedure.swift; sourceTree = "<group>"; };
		96C55DA820386C2D00F7B8B3 /* SberDEXManagement.app */ = {isa = PBXFileReference; explicitFileType = wrapper.application; includeInIndex = 0; path = SberDEXManagement.app; sourceTree = BUILT_PRODUCTS_DIR; };
		96C55DAB20386C2D00F7B8B3 /* AppDelegate.swift */ = {isa = PBXFileReference; lastKnownFileType = sourcecode.swift; path = AppDelegate.swift; sourceTree = "<group>"; };
		96C55DBC20386C2E00F7B8B3 /* SberDEXManagementTests.xctest */ = {isa = PBXFileReference; explicitFileType = wrapper.cfbundle; includeInIndex = 0; path = SberDEXManagementTests.xctest; sourceTree = BUILT_PRODUCTS_DIR; };
		96C55DC020386C2E00F7B8B3 /* SberDEXManagementTests.swift */ = {isa = PBXFileReference; lastKnownFileType = sourcecode.swift; path = SberDEXManagementTests.swift; sourceTree = "<group>"; };
		96C55DC220386C2E00F7B8B3 /* Info.plist */ = {isa = PBXFileReference; lastKnownFileType = text.plist.xml; path = Info.plist; sourceTree = "<group>"; };
		B4858A6FA3E65367E981E454 /* Pods_SberDEXManagementTests.framework */ = {isa = PBXFileReference; explicitFileType = wrapper.framework; includeInIndex = 0; path = Pods_SberDEXManagementTests.framework; sourceTree = BUILT_PRODUCTS_DIR; };
		FDD375E22038964600D7982A /* StandardSectionModel.swift */ = {isa = PBXFileReference; fileEncoding = 4; lastKnownFileType = sourcecode.swift; path = StandardSectionModel.swift; sourceTree = "<group>"; };
		FDD375E32038964600D7982A /* StandardTableView.swift */ = {isa = PBXFileReference; fileEncoding = 4; lastKnownFileType = sourcecode.swift; path = StandardTableView.swift; sourceTree = "<group>"; };
		FDD375E6203896AA00D7982A /* SberCoinCell.swift */ = {isa = PBXFileReference; lastKnownFileType = sourcecode.swift; path = SberCoinCell.swift; sourceTree = "<group>"; };
		FDD375E8203896D900D7982A /* AddTrustAccountCell.swift */ = {isa = PBXFileReference; lastKnownFileType = sourcecode.swift; path = AddTrustAccountCell.swift; sourceTree = "<group>"; };
		FDD375EA203896F400D7982A /* TrustAccountCell.swift */ = {isa = PBXFileReference; lastKnownFileType = sourcecode.swift; path = TrustAccountCell.swift; sourceTree = "<group>"; };
		FDD375ED203897FE00D7982A /* StandardLabel.swift */ = {isa = PBXFileReference; fileEncoding = 4; lastKnownFileType = sourcecode.swift; path = StandardLabel.swift; sourceTree = "<group>"; };
		FDD375EE203897FE00D7982A /* Text.swift */ = {isa = PBXFileReference; fileEncoding = 4; lastKnownFileType = sourcecode.swift; path = Text.swift; sourceTree = "<group>"; };
		FDD375EF203897FF00D7982A /* StandardRoundEdgeButton.swift */ = {isa = PBXFileReference; fileEncoding = 4; lastKnownFileType = sourcecode.swift; path = StandardRoundEdgeButton.swift; sourceTree = "<group>"; };
		FDD375F62038994B00D7982A /* UIView.swift */ = {isa = PBXFileReference; fileEncoding = 4; lastKnownFileType = sourcecode.swift; path = UIView.swift; sourceTree = "<group>"; };
		FDD375F72038994B00D7982A /* UIStackView.swift */ = {isa = PBXFileReference; fileEncoding = 4; lastKnownFileType = sourcecode.swift; path = UIStackView.swift; sourceTree = "<group>"; };
		FDD375F82038994B00D7982A /* UIColor.swift */ = {isa = PBXFileReference; fileEncoding = 4; lastKnownFileType = sourcecode.swift; path = UIColor.swift; sourceTree = "<group>"; };
		FDD375F92038994B00D7982A /* UITableView.swift */ = {isa = PBXFileReference; fileEncoding = 4; lastKnownFileType = sourcecode.swift; path = UITableView.swift; sourceTree = "<group>"; };
		FDD375FA2038994B00D7982A /* UITextField.swift */ = {isa = PBXFileReference; fileEncoding = 4; lastKnownFileType = sourcecode.swift; path = UITextField.swift; sourceTree = "<group>"; };
		FDD375FB2038994B00D7982A /* UIButton.swift */ = {isa = PBXFileReference; fileEncoding = 4; lastKnownFileType = sourcecode.swift; path = UIButton.swift; sourceTree = "<group>"; };
		FDD375FC2038994B00D7982A /* UIFont.swift */ = {isa = PBXFileReference; fileEncoding = 4; lastKnownFileType = sourcecode.swift; path = UIFont.swift; sourceTree = "<group>"; };
		FDD375FD2038994B00D7982A /* UILabel.swift */ = {isa = PBXFileReference; fileEncoding = 4; lastKnownFileType = sourcecode.swift; path = UILabel.swift; sourceTree = "<group>"; };
		FDD376072038A2A700D7982A /* MakeDepositViewController.swift */ = {isa = PBXFileReference; lastKnownFileType = sourcecode.swift; path = MakeDepositViewController.swift; sourceTree = "<group>"; };
		FDD376092038A45300D7982A /* WithdrawViewController.swift */ = {isa = PBXFileReference; lastKnownFileType = sourcecode.swift; path = WithdrawViewController.swift; sourceTree = "<group>"; };
		FDD3760B2038A4D600D7982A /* CeateTrustViewController.swift */ = {isa = PBXFileReference; lastKnownFileType = sourcecode.swift; path = CeateTrustViewController.swift; sourceTree = "<group>"; };
		FDD3760D2038EA2700D7982A /* SegmentControl.swift */ = {isa = PBXFileReference; fileEncoding = 4; lastKnownFileType = sourcecode.swift; path = SegmentControl.swift; sourceTree = "<group>"; };
		FDD3760E2038EA2800D7982A /* HorizontalStackView.swift */ = {isa = PBXFileReference; fileEncoding = 4; lastKnownFileType = sourcecode.swift; path = HorizontalStackView.swift; sourceTree = "<group>"; };
/* End PBXFileReference section */

/* Begin PBXFrameworksBuildPhase section */
		96C55DA520386C2D00F7B8B3 /* Frameworks */ = {
			isa = PBXFrameworksBuildPhase;
			buildActionMask = 2147483647;
			files = (
				BACF8CBA8351E31C3631378F /* Pods_SberDEXManagement.framework in Frameworks */,
			);
			runOnlyForDeploymentPostprocessing = 0;
		};
		96C55DB920386C2E00F7B8B3 /* Frameworks */ = {
			isa = PBXFrameworksBuildPhase;
			buildActionMask = 2147483647;
			files = (
				A84D0C913F090F4568A17F74 /* Pods_SberDEXManagementTests.framework in Frameworks */,
			);
			runOnlyForDeploymentPostprocessing = 0;
		};
/* End PBXFrameworksBuildPhase section */

/* Begin PBXGroup section */
		584FA0A3EA8BEF51E70F2406 /* Network */ = {
			isa = PBXGroup;
			children = (
				584FAEEF9D62F9091CD2B142 /* Network.swift */,
				584FAC23C260D514E1912B45 /* NetworkError.swift */,
				584FADCFD86F8368264584B4 /* SimpleNetwork.swift */,
				584FA62C7C8E46DC899C2DC5 /* KovanInfuraNetwork.swift */,
				584FABA1088B48CF89C2679D /* NetworkAdapter.swift */,
			);
			path = Network;
			sourceTree = "<group>";
		};
		584FA0B372DC5C27F49C10CE /* Params */ = {
			isa = PBXGroup;
			children = (
				584FA168A6A91D848A1D329B /* TagParameter.swift */,
				584FA6BE3A8D74C5703B9823 /* GethParameter.swift */,
				584FA3DF05A24DEF0414FFF7 /* ObjectParameter.swift */,
				584FA356E75810F1CE74FDFB /* StringParameter.swift */,
				584FA06F8545F49BDE5FB32A /* AddressParameter.swift */,
				584FA687BEC2ADED7F3E61E5 /* BooleanParameter.swift */,
				584FA9520C9193A59F07B592 /* QuantityParameter.swift */,
				584FA7516DB49C3F2782796D /* TransactionHashParameter.swift */,
			);
			path = Params;
			sourceTree = "<group>";
		};
		584FA0F39979B64635AD2EBE /* Wallet */ = {
			isa = PBXGroup;
			children = (
				584FA674FA54A6F8D5301F01 /* Wallet.swift */,
			);
			path = Wallet;
			sourceTree = "<group>";
		};
		584FA22EB5FCBA29E2BC6E78 /* Computation */ = {
			isa = PBXGroup;
			children = (
				584FAA18B1C68B98FBB87BF2 /* StickyComputation.swift */,
			);
			path = Computation;
			sourceTree = "<group>";
		};
		584FA2312D8A5C59375FB32A /* Objects */ = {
			isa = PBXGroup;
			children = (
				584FA877E58652CD4D5DB02E /* User */,
				584FA0F39979B64635AD2EBE /* Wallet */,
				584FAB03FE6B6C11A62C4B02 /* TrustAccount */,
				584FA29CBDD5A428663E933F /* ECSignature */,
				584FA22EB5FCBA29E2BC6E78 /* Computation */,
				584FA85B60DBFF71D33D62E6 /* Entropy */,
				584FADFA6B5E4D34BFFC2984 /* RLP */,
				584FA905D9E42F040EC90FAB /* Extensions */,
				584FA0A3EA8BEF51E70F2406 /* Network */,
				584FA0B372DC5C27F49C10CE /* Params */,
				584FA811C2866F21E1440796 /* Address */,
				584FA2F4E0F32D29D7BC71DF /* Blockchain */,
				584FA3B11A00EDD921EB51B8 /* Transactions */,
				584FAA1B5698EE610FB1AF72 /* RemoteProcedure */,
			);
			path = Objects;
			sourceTree = "<group>";
		};
		584FA29CBDD5A428663E933F /* ECSignature */ = {
			isa = PBXGroup;
			children = (
				584FAF36CF77BCFA226DBC10 /* SECP256k1Signature.swift */,
			);
			path = ECSignature;
			sourceTree = "<group>";
		};
		584FA2F4E0F32D29D7BC71DF /* Blockchain */ = {
			isa = PBXGroup;
			children = (
				584FA6CB1DBD0E655874E9FD /* BlockChainState.swift */,
				584FA2CD29AAB5DA166140F0 /* LatestBlockChainState.swift */,
				584FA82B5CA819BBC78748C0 /* PendingBlockChainState.swift */,
				584FA0FE2AA9572DDD617C7E /* EarliestBlockChainState.swift */,
			);
			path = Blockchain;
			sourceTree = "<group>";
		};
		584FA3B11A00EDD921EB51B8 /* Transactions */ = {
			isa = PBXGroup;
			children = (
				584FADFE857D1B01A8F373E9 /* Transactions.swift */,
				584FA45C8486CC692EA82C99 /* EthTransactions.swift */,
			);
			path = Transactions;
			sourceTree = "<group>";
		};
		584FA5E219B21A9D8BB8D33F /* Supporting files */ = {
			isa = PBXGroup;
			children = (
				584FA65D150C0408D970CE43 /* Assets.xcassets */,
				584FA1645132E7D9B4B530A0 /* Info.plist */,
				584FA4EA87738D3B4E6E0175 /* LaunchScreen.storyboard */,
				584FA3ED08E85F70E4DEB03F /* Main.storyboard */,
			);
			path = "Supporting files";
			sourceTree = "<group>";
		};
		584FA811C2866F21E1440796 /* Address */ = {
			isa = PBXGroup;
			children = (
				584FA891EDA9B2FBEF30C75B /* Address.swift */,
				584FA167E77B2086A41DED0E /* SimpleAddress.swift */,
			);
			path = Address;
			sourceTree = "<group>";
		};
		584FA82438E34477660D4494 /* Story */ = {
			isa = PBXGroup;
			children = (
				FDD376062038A1A600D7982A /* User Wallet */,
				FDD376072038A2A700D7982A /* MakeDepositViewController.swift */,
				FDD376092038A45300D7982A /* WithdrawViewController.swift */,
				FDD3760B2038A4D600D7982A /* CeateTrustViewController.swift */,
			);
			path = Story;
			sourceTree = "<group>";
		};
		584FA85B60DBFF71D33D62E6 /* Entropy */ = {
			isa = PBXGroup;
			children = (
				584FAEAEDF2D9563E2DE126B /* Entropy.swift */,
				584FAC896AB2A7CD22F7E0ED /* RandomNonce.swift */,
			);
			path = Entropy;
			sourceTree = "<group>";
		};
		584FA877E58652CD4D5DB02E /* User */ = {
			isa = PBXGroup;
			children = (
				584FA7A50EB9A7299208A83F /* User.swift */,
			);
			path = User;
			sourceTree = "<group>";
		};
		584FA905D9E42F040EC90FAB /* Extensions */ = {
			isa = PBXGroup;
			children = (
				584FA185D34F6B07897E46F6 /* Int.swift */,
				584FA55D914BB39DFD6C2337 /* Data.swift */,
				584FAE9F151C10412B3C3BF0 /* JSON.swift */,
				584FACABBCD3ACBDC590936F /* String.swift */,
				584FADA98234C4376BC7001B /* URLSession.swift */,
				584FA7E0373FD2238B33C9A1 /* URLPostRequest.swift */,
			);
			path = Extensions;
			sourceTree = "<group>";
		};
		584FAA1B5698EE610FB1AF72 /* RemoteProcedure */ = {
			isa = PBXGroup;
			children = (
				584FAFEEC58DF89849E9F4A3 /* RemoteProcedure.swift */,
				584FA3BC24A380817A3D6B59 /* ChainIDProcedure.swift */,
				584FA9B829EA0FCFCA8E49B5 /* GetGasPriceProcedure.swift */,
				584FA6C444E2B904E9F3BF58 /* GetTransactionsCountProcedure.swift */,
				584FA888B4E04BB0F9CBBF81 /* WealthManagementProcedure.swift */,
			);
			path = RemoteProcedure;
			sourceTree = "<group>";
		};
		584FAB03FE6B6C11A62C4B02 /* TrustAccount */ = {
			isa = PBXGroup;
			children = (
				584FA742D6D8576C41DFD99F /* TrustAccount.swift */,
			);
			path = TrustAccount;
			sourceTree = "<group>";
		};
		584FADFA6B5E4D34BFFC2984 /* RLP */ = {
			isa = PBXGroup;
			children = (
				584FA6625AB94CAEF3ED80DE /* RLP.swift */,
				584FAD035B4657DDC2B0D107 /* SimpleRLP.swift */,
				584FA7BFF4911685586100BA /* RLPAppendix.swift */,
				584FA2296E7E248565BC507B /* RLPBytesAppendix.swift */,
				584FAE781E6DB665DE9EC4F4 /* RLPStandardAppendix.swift */,
				584FAECD5EE27D092612151C /* RLPCollectionsAppendix.swift */,
			);
			path = RLP;
			sourceTree = "<group>";
		};
		7C144CEDA83F59BEA2D35030 /* Frameworks */ = {
			isa = PBXGroup;
			children = (
				0EF449D630C44854DBB8DF3F /* Pods_SberDEXManagement.framework */,
				B4858A6FA3E65367E981E454 /* Pods_SberDEXManagementTests.framework */,
			);
			name = Frameworks;
			sourceTree = "<group>";
		};
		7F0270CCE12CBD79D0C0010E /* Pods */ = {
			isa = PBXGroup;
			children = (
				52BE613E7AAFC83806205E4C /* Pods-SberDEXManagement.debug.xcconfig */,
				00A5AF60C23EEDC52A1B52E5 /* Pods-SberDEXManagement.release.xcconfig */,
				053A22A52E7CF1B4B5E01655 /* Pods-SberDEXManagementTests.debug.xcconfig */,
				168DBD6A574B4EE4BE3C0E4E /* Pods-SberDEXManagementTests.release.xcconfig */,
			);
			name = Pods;
			sourceTree = "<group>";
		};
		96C55D9F20386C2D00F7B8B3 = {
			isa = PBXGroup;
			children = (
				96C55DAA20386C2D00F7B8B3 /* SberDEXManagement */,
				96C55DBF20386C2E00F7B8B3 /* SberDEXManagementTests */,
				96C55DA920386C2D00F7B8B3 /* Products */,
				7F0270CCE12CBD79D0C0010E /* Pods */,
				7C144CEDA83F59BEA2D35030 /* Frameworks */,
			);
			sourceTree = "<group>";
		};
		96C55DA920386C2D00F7B8B3 /* Products */ = {
			isa = PBXGroup;
			children = (
				96C55DA820386C2D00F7B8B3 /* SberDEXManagement.app */,
				96C55DBC20386C2E00F7B8B3 /* SberDEXManagementTests.xctest */,
			);
			name = Products;
			sourceTree = "<group>";
		};
		96C55DAA20386C2D00F7B8B3 /* SberDEXManagement */ = {
			isa = PBXGroup;
			children = (
				96C55DAB20386C2D00F7B8B3 /* AppDelegate.swift */,
				FDD3760E2038EA2800D7982A /* HorizontalStackView.swift */,
				FDD3760D2038EA2700D7982A /* SegmentControl.swift */,
				FDD375F52038994B00D7982A /* Extensions */,
				FDD375F42038981300D7982A /* Utils */,
				584FA5E219B21A9D8BB8D33F /* Supporting files */,
				584FA82438E34477660D4494 /* Story */,
				584FA2312D8A5C59375FB32A /* Objects */,
			);
			path = SberDEXManagement;
			sourceTree = "<group>";
		};
		96C55DBF20386C2E00F7B8B3 /* SberDEXManagementTests */ = {
			isa = PBXGroup;
			children = (
				96C55DC020386C2E00F7B8B3 /* SberDEXManagementTests.swift */,
				96C55DC220386C2E00F7B8B3 /* Info.plist */,
			);
			path = SberDEXManagementTests;
			sourceTree = "<group>";
		};
		FDD375EC203896FE00D7982A /* Cells */ = {
			isa = PBXGroup;
			children = (
				FDD375E6203896AA00D7982A /* SberCoinCell.swift */,
				FDD375E8203896D900D7982A /* AddTrustAccountCell.swift */,
				FDD375EA203896F400D7982A /* TrustAccountCell.swift */,
			);
			path = Cells;
			sourceTree = "<group>";
		};
		FDD375F42038981300D7982A /* Utils */ = {
			isa = PBXGroup;
			children = (
				FDD375E22038964600D7982A /* StandardSectionModel.swift */,
				FDD375E32038964600D7982A /* StandardTableView.swift */,
				FDD375ED203897FE00D7982A /* StandardLabel.swift */,
				FDD375EF203897FF00D7982A /* StandardRoundEdgeButton.swift */,
				FDD375EE203897FE00D7982A /* Text.swift */,
			);
			path = Utils;
			sourceTree = "<group>";
		};
		FDD375F52038994B00D7982A /* Extensions */ = {
			isa = PBXGroup;
			children = (
				FDD375F62038994B00D7982A /* UIView.swift */,
				FDD375F72038994B00D7982A /* UIStackView.swift */,
				FDD375F82038994B00D7982A /* UIColor.swift */,
				FDD375F92038994B00D7982A /* UITableView.swift */,
				FDD375FA2038994B00D7982A /* UITextField.swift */,
				FDD375FB2038994B00D7982A /* UIButton.swift */,
				FDD375FC2038994B00D7982A /* UIFont.swift */,
				FDD375FD2038994B00D7982A /* UILabel.swift */,
			);
			path = Extensions;
			sourceTree = "<group>";
		};
		FDD376062038A1A600D7982A /* User Wallet */ = {
			isa = PBXGroup;
			children = (
				584FA45C40DF6C4BFEC42622 /* UserWalletViewController.swift */,
				FDD375EC203896FE00D7982A /* Cells */,
			);
			path = "User Wallet";
			sourceTree = "<group>";
		};
/* End PBXGroup section */

/* Begin PBXNativeTarget section */
		96C55DA720386C2D00F7B8B3 /* SberDEXManagement */ = {
			isa = PBXNativeTarget;
			buildConfigurationList = 96C55DC520386C2E00F7B8B3 /* Build configuration list for PBXNativeTarget "SberDEXManagement" */;
			buildPhases = (
				15851F5103F3C570D654A8A7 /* [CP] Check Pods Manifest.lock */,
				96C55DA420386C2D00F7B8B3 /* Sources */,
				96C55DA520386C2D00F7B8B3 /* Frameworks */,
				96C55DA620386C2D00F7B8B3 /* Resources */,
				8B9DD5901A8A4CE16B8E6046 /* [CP] Embed Pods Frameworks */,
				4A3733C746198722C7761B21 /* [CP] Copy Pods Resources */,
			);
			buildRules = (
			);
			dependencies = (
			);
			name = SberDEXManagement;
			productName = SberDEXManagement;
			productReference = 96C55DA820386C2D00F7B8B3 /* SberDEXManagement.app */;
			productType = "com.apple.product-type.application";
		};
		96C55DBB20386C2E00F7B8B3 /* SberDEXManagementTests */ = {
			isa = PBXNativeTarget;
			buildConfigurationList = 96C55DC820386C2E00F7B8B3 /* Build configuration list for PBXNativeTarget "SberDEXManagementTests" */;
			buildPhases = (
				0A7A1B025117AF7CEF07F636 /* [CP] Check Pods Manifest.lock */,
				96C55DB820386C2E00F7B8B3 /* Sources */,
				96C55DB920386C2E00F7B8B3 /* Frameworks */,
				96C55DBA20386C2E00F7B8B3 /* Resources */,
				19A900B89C6DE8EB788D520A /* [CP] Embed Pods Frameworks */,
				53ADADBC8CFB164DFBB7DB7B /* [CP] Copy Pods Resources */,
			);
			buildRules = (
			);
			dependencies = (
				96C55DBE20386C2E00F7B8B3 /* PBXTargetDependency */,
			);
			name = SberDEXManagementTests;
			productName = SberDEXManagementTests;
			productReference = 96C55DBC20386C2E00F7B8B3 /* SberDEXManagementTests.xctest */;
			productType = "com.apple.product-type.bundle.unit-test";
		};
/* End PBXNativeTarget section */

/* Begin PBXProject section */
		96C55DA020386C2D00F7B8B3 /* Project object */ = {
			isa = PBXProject;
			attributes = {
				LastSwiftUpdateCheck = 0920;
				LastUpgradeCheck = 0920;
				ORGANIZATIONNAME = NFO;
				TargetAttributes = {
					96C55DA720386C2D00F7B8B3 = {
						CreatedOnToolsVersion = 9.2;
						ProvisioningStyle = Automatic;
					};
					96C55DBB20386C2E00F7B8B3 = {
						CreatedOnToolsVersion = 9.2;
						ProvisioningStyle = Automatic;
						TestTargetID = 96C55DA720386C2D00F7B8B3;
					};
				};
			};
			buildConfigurationList = 96C55DA320386C2D00F7B8B3 /* Build configuration list for PBXProject "SberDEXManagement" */;
			compatibilityVersion = "Xcode 8.0";
			developmentRegion = en;
			hasScannedForEncodings = 0;
			knownRegions = (
				en,
				Base,
			);
			mainGroup = 96C55D9F20386C2D00F7B8B3;
			productRefGroup = 96C55DA920386C2D00F7B8B3 /* Products */;
			projectDirPath = "";
			projectRoot = "";
			targets = (
				96C55DA720386C2D00F7B8B3 /* SberDEXManagement */,
				96C55DBB20386C2E00F7B8B3 /* SberDEXManagementTests */,
			);
		};
/* End PBXProject section */

/* Begin PBXResourcesBuildPhase section */
		96C55DA620386C2D00F7B8B3 /* Resources */ = {
			isa = PBXResourcesBuildPhase;
			buildActionMask = 2147483647;
			files = (
				584FA1B126727D8ABD945C47 /* Assets.xcassets in Resources */,
				584FAE0457C9FD8AED06E8B5 /* LaunchScreen.storyboard in Resources */,
				584FA382DDCA52231F143BE4 /* Main.storyboard in Resources */,
			);
			runOnlyForDeploymentPostprocessing = 0;
		};
		96C55DBA20386C2E00F7B8B3 /* Resources */ = {
			isa = PBXResourcesBuildPhase;
			buildActionMask = 2147483647;
			files = (
			);
			runOnlyForDeploymentPostprocessing = 0;
		};
/* End PBXResourcesBuildPhase section */

/* Begin PBXShellScriptBuildPhase section */
		0A7A1B025117AF7CEF07F636 /* [CP] Check Pods Manifest.lock */ = {
			isa = PBXShellScriptBuildPhase;
			buildActionMask = 2147483647;
			files = (
			);
			inputPaths = (
				"${PODS_PODFILE_DIR_PATH}/Podfile.lock",
				"${PODS_ROOT}/Manifest.lock",
			);
			name = "[CP] Check Pods Manifest.lock";
			outputPaths = (
				"$(DERIVED_FILE_DIR)/Pods-SberDEXManagementTests-checkManifestLockResult.txt",
			);
			runOnlyForDeploymentPostprocessing = 0;
			shellPath = /bin/sh;
			shellScript = "diff \"${PODS_PODFILE_DIR_PATH}/Podfile.lock\" \"${PODS_ROOT}/Manifest.lock\" > /dev/null\nif [ $? != 0 ] ; then\n    # print error to STDERR\n    echo \"error: The sandbox is not in sync with the Podfile.lock. Run 'pod install' or update your CocoaPods installation.\" >&2\n    exit 1\nfi\n# This output is used by Xcode 'outputs' to avoid re-running this script phase.\necho \"SUCCESS\" > \"${SCRIPT_OUTPUT_FILE_0}\"\n";
			showEnvVarsInLog = 0;
		};
		15851F5103F3C570D654A8A7 /* [CP] Check Pods Manifest.lock */ = {
			isa = PBXShellScriptBuildPhase;
			buildActionMask = 2147483647;
			files = (
			);
			inputPaths = (
				"${PODS_PODFILE_DIR_PATH}/Podfile.lock",
				"${PODS_ROOT}/Manifest.lock",
			);
			name = "[CP] Check Pods Manifest.lock";
			outputPaths = (
				"$(DERIVED_FILE_DIR)/Pods-SberDEXManagement-checkManifestLockResult.txt",
			);
			runOnlyForDeploymentPostprocessing = 0;
			shellPath = /bin/sh;
			shellScript = "diff \"${PODS_PODFILE_DIR_PATH}/Podfile.lock\" \"${PODS_ROOT}/Manifest.lock\" > /dev/null\nif [ $? != 0 ] ; then\n    # print error to STDERR\n    echo \"error: The sandbox is not in sync with the Podfile.lock. Run 'pod install' or update your CocoaPods installation.\" >&2\n    exit 1\nfi\n# This output is used by Xcode 'outputs' to avoid re-running this script phase.\necho \"SUCCESS\" > \"${SCRIPT_OUTPUT_FILE_0}\"\n";
			showEnvVarsInLog = 0;
		};
		19A900B89C6DE8EB788D520A /* [CP] Embed Pods Frameworks */ = {
			isa = PBXShellScriptBuildPhase;
			buildActionMask = 2147483647;
			files = (
			);
			inputPaths = (
				"${SRCROOT}/Pods/Target Support Files/Pods-SberDEXManagementTests/Pods-SberDEXManagementTests-frameworks.sh",
				"${BUILT_PRODUCTS_DIR}/RxSwift/RxSwift.framework",
				"${BUILT_PRODUCTS_DIR}/Nimble/Nimble.framework",
				"${BUILT_PRODUCTS_DIR}/Quick/Quick.framework",
				"${BUILT_PRODUCTS_DIR}/RxBlocking/RxBlocking.framework",
			);
			name = "[CP] Embed Pods Frameworks";
			outputPaths = (
				"${TARGET_BUILD_DIR}/${FRAMEWORKS_FOLDER_PATH}/RxSwift.framework",
				"${TARGET_BUILD_DIR}/${FRAMEWORKS_FOLDER_PATH}/Nimble.framework",
				"${TARGET_BUILD_DIR}/${FRAMEWORKS_FOLDER_PATH}/Quick.framework",
				"${TARGET_BUILD_DIR}/${FRAMEWORKS_FOLDER_PATH}/RxBlocking.framework",
			);
			runOnlyForDeploymentPostprocessing = 0;
			shellPath = /bin/sh;
			shellScript = "\"${SRCROOT}/Pods/Target Support Files/Pods-SberDEXManagementTests/Pods-SberDEXManagementTests-frameworks.sh\"\n";
			showEnvVarsInLog = 0;
		};
		4A3733C746198722C7761B21 /* [CP] Copy Pods Resources */ = {
			isa = PBXShellScriptBuildPhase;
			buildActionMask = 2147483647;
			files = (
			);
			inputPaths = (
			);
			name = "[CP] Copy Pods Resources";
			outputPaths = (
			);
			runOnlyForDeploymentPostprocessing = 0;
			shellPath = /bin/sh;
			shellScript = "\"${SRCROOT}/Pods/Target Support Files/Pods-SberDEXManagement/Pods-SberDEXManagement-resources.sh\"\n";
			showEnvVarsInLog = 0;
		};
		53ADADBC8CFB164DFBB7DB7B /* [CP] Copy Pods Resources */ = {
			isa = PBXShellScriptBuildPhase;
			buildActionMask = 2147483647;
			files = (
			);
			inputPaths = (
			);
			name = "[CP] Copy Pods Resources";
			outputPaths = (
			);
			runOnlyForDeploymentPostprocessing = 0;
			shellPath = /bin/sh;
			shellScript = "\"${SRCROOT}/Pods/Target Support Files/Pods-SberDEXManagementTests/Pods-SberDEXManagementTests-resources.sh\"\n";
			showEnvVarsInLog = 0;
		};
		8B9DD5901A8A4CE16B8E6046 /* [CP] Embed Pods Frameworks */ = {
			isa = PBXShellScriptBuildPhase;
			buildActionMask = 2147483647;
			files = (
			);
			inputPaths = (
				"${SRCROOT}/Pods/Target Support Files/Pods-SberDEXManagement/Pods-SberDEXManagement-frameworks.sh",
				"${BUILT_PRODUCTS_DIR}/CryptoSwift/CryptoSwift.framework",
				"${BUILT_PRODUCTS_DIR}/Differentiator/Differentiator.framework",
				"${BUILT_PRODUCTS_DIR}/RxCocoa/RxCocoa.framework",
				"${BUILT_PRODUCTS_DIR}/RxDataSources/RxDataSources.framework",
				"${BUILT_PRODUCTS_DIR}/RxSwift/RxSwift.framework",
				"${BUILT_PRODUCTS_DIR}/SnapKit/SnapKit.framework",
				"${BUILT_PRODUCTS_DIR}/SwiftyJSON/SwiftyJSON.framework",
				"${BUILT_PRODUCTS_DIR}/secp256k1_ios/secp256k1_ios.framework",
			);
			name = "[CP] Embed Pods Frameworks";
			outputPaths = (
				"${TARGET_BUILD_DIR}/${FRAMEWORKS_FOLDER_PATH}/CryptoSwift.framework",
				"${TARGET_BUILD_DIR}/${FRAMEWORKS_FOLDER_PATH}/Differentiator.framework",
				"${TARGET_BUILD_DIR}/${FRAMEWORKS_FOLDER_PATH}/RxCocoa.framework",
				"${TARGET_BUILD_DIR}/${FRAMEWORKS_FOLDER_PATH}/RxDataSources.framework",
				"${TARGET_BUILD_DIR}/${FRAMEWORKS_FOLDER_PATH}/RxSwift.framework",
				"${TARGET_BUILD_DIR}/${FRAMEWORKS_FOLDER_PATH}/SnapKit.framework",
				"${TARGET_BUILD_DIR}/${FRAMEWORKS_FOLDER_PATH}/SwiftyJSON.framework",
				"${TARGET_BUILD_DIR}/${FRAMEWORKS_FOLDER_PATH}/secp256k1_ios.framework",
			);
			runOnlyForDeploymentPostprocessing = 0;
			shellPath = /bin/sh;
			shellScript = "\"${SRCROOT}/Pods/Target Support Files/Pods-SberDEXManagement/Pods-SberDEXManagement-frameworks.sh\"\n";
			showEnvVarsInLog = 0;
		};
/* End PBXShellScriptBuildPhase section */

/* Begin PBXSourcesBuildPhase section */
		96C55DA420386C2D00F7B8B3 /* Sources */ = {
			isa = PBXSourcesBuildPhase;
			buildActionMask = 2147483647;
			files = (
				FDD3760A2038A45300D7982A /* WithdrawViewController.swift in Sources */,
				FDD375E42038964600D7982A /* StandardSectionModel.swift in Sources */,
				FDD375E9203896D900D7982A /* AddTrustAccountCell.swift in Sources */,
				96C55DAC20386C2D00F7B8B3 /* AppDelegate.swift in Sources */,
				FDD3760F2038EA2900D7982A /* SegmentControl.swift in Sources */,
				FDD375E7203896AA00D7982A /* SberCoinCell.swift in Sources */,
				FDD375F2203897FF00D7982A /* StandardRoundEdgeButton.swift in Sources */,
				FDD376002038994C00D7982A /* UIColor.swift in Sources */,
				FDD376032038994C00D7982A /* UIButton.swift in Sources */,
				FDD376082038A2A700D7982A /* MakeDepositViewController.swift in Sources */,
				FDD375E52038964600D7982A /* StandardTableView.swift in Sources */,
				FDD376042038994C00D7982A /* UIFont.swift in Sources */,
				FDD375F0203897FF00D7982A /* StandardLabel.swift in Sources */,
				FDD3760C2038A4D600D7982A /* CeateTrustViewController.swift in Sources */,
				FDD375FF2038994C00D7982A /* UIStackView.swift in Sources */,
				584FA138C9BB7DB508B7CE7A /* UserWalletViewController.swift in Sources */,
				FDD375EB203896F400D7982A /* TrustAccountCell.swift in Sources */,
				FDD376022038994C00D7982A /* UITextField.swift in Sources */,
				FDD376012038994C00D7982A /* UITableView.swift in Sources */,
				584FAA28270B01E181F2725F /* User.swift in Sources */,
				FDD376052038994C00D7982A /* UILabel.swift in Sources */,
				FDD375FE2038994C00D7982A /* UIView.swift in Sources */,
				584FA2DE4572678A5B20B3D3 /* Wallet.swift in Sources */,
				FDD376102038EA2900D7982A /* HorizontalStackView.swift in Sources */,
				FDD375F1203897FF00D7982A /* Text.swift in Sources */,
				584FA71965BFCF0DC6ABF7EB /* TrustAccount.swift in Sources */,
				584FAE67EED28A9E3972E889 /* StickyComputation.swift in Sources */,
				584FA086C6EB6164BEAF570F /* SECP256k1Signature.swift in Sources */,
				584FA6EF09DA402E0C9AF091 /* Entropy.swift in Sources */,
				584FA1ABF36DF6A3737885A8 /* RandomNonce.swift in Sources */,
				584FAC404978A094348D6B98 /* RLP.swift in Sources */,
				584FA31E65638C3B9BC5F41F /* SimpleRLP.swift in Sources */,
				584FA87E773D5997522BF477 /* RLPAppendix.swift in Sources */,
				584FA770D24D6BEA0710F3D7 /* RLPBytesAppendix.swift in Sources */,
				584FA7392D50079C9BF895FE /* RLPStandardAppendix.swift in Sources */,
				584FA55878830C5312BC858D /* RLPCollectionsAppendix.swift in Sources */,
				584FA334F127E900E86B3E15 /* Int.swift in Sources */,
				584FADC29820AE71F6E4B90D /* Data.swift in Sources */,
				584FA846A034CF354116C019 /* JSON.swift in Sources */,
				584FADDA666E2CB96C3343BB /* String.swift in Sources */,
				584FA07653569975F193CA6A /* URLSession.swift in Sources */,
				584FAECAE26A0F8D526B6DFA /* URLPostRequest.swift in Sources */,
				584FA9057A0476C0F5F0813C /* Network.swift in Sources */,
				584FAD4BA41011A873B53C7E /* NetworkError.swift in Sources */,
				584FAD16A1DDE1266F1B267B /* SimpleNetwork.swift in Sources */,
				584FA3D6860FA77D2B4A096B /* KovanInfuraNetwork.swift in Sources */,
				584FAD8D1FB3D2D8200871A6 /* TagParameter.swift in Sources */,
				584FAEDF344F3424F774F2A7 /* GethParameter.swift in Sources */,
				584FAD602AB8809C26F1A88E /* ObjectParameter.swift in Sources */,
				584FA32BF7C473EAE267C477 /* StringParameter.swift in Sources */,
				584FA74CFF482C0FD91AAAA7 /* AddressParameter.swift in Sources */,
				584FA27348269EC17EA591AF /* BooleanParameter.swift in Sources */,
				584FA4F70B7CA8CC6C620CF0 /* QuantityParameter.swift in Sources */,
				584FAE9ABC35B11931B1223F /* TransactionHashParameter.swift in Sources */,
				584FA37BC15BD46A4FC7CB02 /* Address.swift in Sources */,
				584FACF4E2EDC6A780343587 /* SimpleAddress.swift in Sources */,
				584FACA0D9045313E11AEE0E /* BlockChainState.swift in Sources */,
				584FA35BB68A204897F0988A /* LatestBlockChainState.swift in Sources */,
				584FA5889F55AB80C8A4E853 /* PendingBlockChainState.swift in Sources */,
				584FA967943135351100EF6C /* EarliestBlockChainState.swift in Sources */,
				584FAA05EC5D04CBF473FE2C /* NetworkAdapter.swift in Sources */,
				584FABE78A4FD020DC21D690 /* Transactions.swift in Sources */,
				584FA92DC4099260AD65B2B3 /* EthTransactions.swift in Sources */,
				584FA7133E6453056F2C09EB /* RemoteProcedure.swift in Sources */,
				584FA69D401A60EE702922A6 /* ChainIDProcedure.swift in Sources */,
				584FA6792CA3204DD81622FE /* GetGasPriceProcedure.swift in Sources */,
				584FAD4C25358AF302CB9DC7 /* GetTransactionsCountProcedure.swift in Sources */,
				584FA1FD78EC21D3296B53EF /* WealthManagementProcedure.swift in Sources */,
			);
			runOnlyForDeploymentPostprocessing = 0;
		};
		96C55DB820386C2E00F7B8B3 /* Sources */ = {
			isa = PBXSourcesBuildPhase;
			buildActionMask = 2147483647;
			files = (
				96C55DC120386C2E00F7B8B3 /* SberDEXManagementTests.swift in Sources */,
			);
			runOnlyForDeploymentPostprocessing = 0;
		};
/* End PBXSourcesBuildPhase section */

/* Begin PBXTargetDependency section */
		96C55DBE20386C2E00F7B8B3 /* PBXTargetDependency */ = {
			isa = PBXTargetDependency;
			target = 96C55DA720386C2D00F7B8B3 /* SberDEXManagement */;
			targetProxy = 96C55DBD20386C2E00F7B8B3 /* PBXContainerItemProxy */;
		};
/* End PBXTargetDependency section */

/* Begin XCBuildConfiguration section */
		96C55DC320386C2E00F7B8B3 /* Debug */ = {
			isa = XCBuildConfiguration;
			buildSettings = {
				ALWAYS_SEARCH_USER_PATHS = NO;
				CLANG_ANALYZER_NONNULL = YES;
				CLANG_ANALYZER_NUMBER_OBJECT_CONVERSION = YES_AGGRESSIVE;
				CLANG_CXX_LANGUAGE_STANDARD = "gnu++14";
				CLANG_CXX_LIBRARY = "libc++";
				CLANG_ENABLE_MODULES = YES;
				CLANG_ENABLE_OBJC_ARC = YES;
				CLANG_WARN_BLOCK_CAPTURE_AUTORELEASING = YES;
				CLANG_WARN_BOOL_CONVERSION = YES;
				CLANG_WARN_COMMA = YES;
				CLANG_WARN_CONSTANT_CONVERSION = YES;
				CLANG_WARN_DIRECT_OBJC_ISA_USAGE = YES_ERROR;
				CLANG_WARN_DOCUMENTATION_COMMENTS = YES;
				CLANG_WARN_EMPTY_BODY = YES;
				CLANG_WARN_ENUM_CONVERSION = YES;
				CLANG_WARN_INFINITE_RECURSION = YES;
				CLANG_WARN_INT_CONVERSION = YES;
				CLANG_WARN_NON_LITERAL_NULL_CONVERSION = YES;
				CLANG_WARN_OBJC_LITERAL_CONVERSION = YES;
				CLANG_WARN_OBJC_ROOT_CLASS = YES_ERROR;
				CLANG_WARN_RANGE_LOOP_ANALYSIS = YES;
				CLANG_WARN_STRICT_PROTOTYPES = YES;
				CLANG_WARN_SUSPICIOUS_MOVE = YES;
				CLANG_WARN_UNGUARDED_AVAILABILITY = YES_AGGRESSIVE;
				CLANG_WARN_UNREACHABLE_CODE = YES;
				CLANG_WARN__DUPLICATE_METHOD_MATCH = YES;
				CODE_SIGN_IDENTITY = "iPhone Developer";
				COPY_PHASE_STRIP = NO;
				DEBUG_INFORMATION_FORMAT = dwarf;
				ENABLE_STRICT_OBJC_MSGSEND = YES;
				ENABLE_TESTABILITY = YES;
				GCC_C_LANGUAGE_STANDARD = gnu11;
				GCC_DYNAMIC_NO_PIC = NO;
				GCC_NO_COMMON_BLOCKS = YES;
				GCC_OPTIMIZATION_LEVEL = 0;
				GCC_PREPROCESSOR_DEFINITIONS = (
					"DEBUG=1",
					"$(inherited)",
				);
				GCC_WARN_64_TO_32_BIT_CONVERSION = YES;
				GCC_WARN_ABOUT_RETURN_TYPE = YES_ERROR;
				GCC_WARN_UNDECLARED_SELECTOR = YES;
				GCC_WARN_UNINITIALIZED_AUTOS = YES_AGGRESSIVE;
				GCC_WARN_UNUSED_FUNCTION = YES;
				GCC_WARN_UNUSED_VARIABLE = YES;
				IPHONEOS_DEPLOYMENT_TARGET = 11.2;
				MTL_ENABLE_DEBUG_INFO = YES;
				ONLY_ACTIVE_ARCH = YES;
				SDKROOT = iphoneos;
				SWIFT_ACTIVE_COMPILATION_CONDITIONS = DEBUG;
				SWIFT_OPTIMIZATION_LEVEL = "-Onone";
			};
			name = Debug;
		};
		96C55DC420386C2E00F7B8B3 /* Release */ = {
			isa = XCBuildConfiguration;
			buildSettings = {
				ALWAYS_SEARCH_USER_PATHS = NO;
				CLANG_ANALYZER_NONNULL = YES;
				CLANG_ANALYZER_NUMBER_OBJECT_CONVERSION = YES_AGGRESSIVE;
				CLANG_CXX_LANGUAGE_STANDARD = "gnu++14";
				CLANG_CXX_LIBRARY = "libc++";
				CLANG_ENABLE_MODULES = YES;
				CLANG_ENABLE_OBJC_ARC = YES;
				CLANG_WARN_BLOCK_CAPTURE_AUTORELEASING = YES;
				CLANG_WARN_BOOL_CONVERSION = YES;
				CLANG_WARN_COMMA = YES;
				CLANG_WARN_CONSTANT_CONVERSION = YES;
				CLANG_WARN_DIRECT_OBJC_ISA_USAGE = YES_ERROR;
				CLANG_WARN_DOCUMENTATION_COMMENTS = YES;
				CLANG_WARN_EMPTY_BODY = YES;
				CLANG_WARN_ENUM_CONVERSION = YES;
				CLANG_WARN_INFINITE_RECURSION = YES;
				CLANG_WARN_INT_CONVERSION = YES;
				CLANG_WARN_NON_LITERAL_NULL_CONVERSION = YES;
				CLANG_WARN_OBJC_LITERAL_CONVERSION = YES;
				CLANG_WARN_OBJC_ROOT_CLASS = YES_ERROR;
				CLANG_WARN_RANGE_LOOP_ANALYSIS = YES;
				CLANG_WARN_STRICT_PROTOTYPES = YES;
				CLANG_WARN_SUSPICIOUS_MOVE = YES;
				CLANG_WARN_UNGUARDED_AVAILABILITY = YES_AGGRESSIVE;
				CLANG_WARN_UNREACHABLE_CODE = YES;
				CLANG_WARN__DUPLICATE_METHOD_MATCH = YES;
				CODE_SIGN_IDENTITY = "iPhone Developer";
				COPY_PHASE_STRIP = NO;
				DEBUG_INFORMATION_FORMAT = "dwarf-with-dsym";
				ENABLE_NS_ASSERTIONS = NO;
				ENABLE_STRICT_OBJC_MSGSEND = YES;
				GCC_C_LANGUAGE_STANDARD = gnu11;
				GCC_NO_COMMON_BLOCKS = YES;
				GCC_WARN_64_TO_32_BIT_CONVERSION = YES;
				GCC_WARN_ABOUT_RETURN_TYPE = YES_ERROR;
				GCC_WARN_UNDECLARED_SELECTOR = YES;
				GCC_WARN_UNINITIALIZED_AUTOS = YES_AGGRESSIVE;
				GCC_WARN_UNUSED_FUNCTION = YES;
				GCC_WARN_UNUSED_VARIABLE = YES;
				IPHONEOS_DEPLOYMENT_TARGET = 11.2;
				MTL_ENABLE_DEBUG_INFO = NO;
				SDKROOT = iphoneos;
				SWIFT_OPTIMIZATION_LEVEL = "-Owholemodule";
				VALIDATE_PRODUCT = YES;
			};
			name = Release;
		};
		96C55DC620386C2E00F7B8B3 /* Debug */ = {
			isa = XCBuildConfiguration;
			baseConfigurationReference = 52BE613E7AAFC83806205E4C /* Pods-SberDEXManagement.debug.xcconfig */;
			buildSettings = {
				ASSETCATALOG_COMPILER_APPICON_NAME = AppIcon;
				CODE_SIGN_STYLE = Automatic;
				INFOPLIST_FILE = "$(SRCROOT)/SberDEXManagement/Supporting files/Info.plist";
				LD_RUNPATH_SEARCH_PATHS = "$(inherited) @executable_path/Frameworks";
				PRODUCT_BUNDLE_IDENTIFIER = com.NFO.SberDEXManagement;
				PRODUCT_NAME = "$(TARGET_NAME)";
				SWIFT_VERSION = 4.0;
				TARGETED_DEVICE_FAMILY = "1,2";
			};
			name = Debug;
		};
		96C55DC720386C2E00F7B8B3 /* Release */ = {
			isa = XCBuildConfiguration;
			baseConfigurationReference = 00A5AF60C23EEDC52A1B52E5 /* Pods-SberDEXManagement.release.xcconfig */;
			buildSettings = {
				ASSETCATALOG_COMPILER_APPICON_NAME = AppIcon;
				CODE_SIGN_STYLE = Automatic;
				INFOPLIST_FILE = "$(SRCROOT)/SberDEXManagement/Supporting files/Info.plist";
				LD_RUNPATH_SEARCH_PATHS = "$(inherited) @executable_path/Frameworks";
				PRODUCT_BUNDLE_IDENTIFIER = com.NFO.SberDEXManagement;
				PRODUCT_NAME = "$(TARGET_NAME)";
				SWIFT_VERSION = 4.0;
				TARGETED_DEVICE_FAMILY = "1,2";
			};
			name = Release;
		};
		96C55DC920386C2E00F7B8B3 /* Debug */ = {
			isa = XCBuildConfiguration;
			baseConfigurationReference = 053A22A52E7CF1B4B5E01655 /* Pods-SberDEXManagementTests.debug.xcconfig */;
			buildSettings = {
				ALWAYS_EMBED_SWIFT_STANDARD_LIBRARIES = YES;
				BUNDLE_LOADER = "$(TEST_HOST)";
				CODE_SIGN_STYLE = Automatic;
				INFOPLIST_FILE = SberDEXManagementTests/Info.plist;
				LD_RUNPATH_SEARCH_PATHS = "$(inherited) @executable_path/Frameworks @loader_path/Frameworks";
				PRODUCT_BUNDLE_IDENTIFIER = com.NFO.SberDEXManagementTests;
				PRODUCT_NAME = "$(TARGET_NAME)";
				SWIFT_VERSION = 4.0;
				TARGETED_DEVICE_FAMILY = "1,2";
				TEST_HOST = "$(BUILT_PRODUCTS_DIR)/SberDEXManagement.app/SberDEXManagement";
			};
			name = Debug;
		};
		96C55DCA20386C2E00F7B8B3 /* Release */ = {
			isa = XCBuildConfiguration;
			baseConfigurationReference = 168DBD6A574B4EE4BE3C0E4E /* Pods-SberDEXManagementTests.release.xcconfig */;
			buildSettings = {
				ALWAYS_EMBED_SWIFT_STANDARD_LIBRARIES = YES;
				BUNDLE_LOADER = "$(TEST_HOST)";
				CODE_SIGN_STYLE = Automatic;
				INFOPLIST_FILE = SberDEXManagementTests/Info.plist;
				LD_RUNPATH_SEARCH_PATHS = "$(inherited) @executable_path/Frameworks @loader_path/Frameworks";
				PRODUCT_BUNDLE_IDENTIFIER = com.NFO.SberDEXManagementTests;
				PRODUCT_NAME = "$(TARGET_NAME)";
				SWIFT_VERSION = 4.0;
				TARGETED_DEVICE_FAMILY = "1,2";
				TEST_HOST = "$(BUILT_PRODUCTS_DIR)/SberDEXManagement.app/SberDEXManagement";
			};
			name = Release;
		};
/* End XCBuildConfiguration section */

/* Begin XCConfigurationList section */
		96C55DA320386C2D00F7B8B3 /* Build configuration list for PBXProject "SberDEXManagement" */ = {
			isa = XCConfigurationList;
			buildConfigurations = (
				96C55DC320386C2E00F7B8B3 /* Debug */,
				96C55DC420386C2E00F7B8B3 /* Release */,
			);
			defaultConfigurationIsVisible = 0;
			defaultConfigurationName = Release;
		};
		96C55DC520386C2E00F7B8B3 /* Build configuration list for PBXNativeTarget "SberDEXManagement" */ = {
			isa = XCConfigurationList;
			buildConfigurations = (
				96C55DC620386C2E00F7B8B3 /* Debug */,
				96C55DC720386C2E00F7B8B3 /* Release */,
			);
			defaultConfigurationIsVisible = 0;
			defaultConfigurationName = Release;
		};
		96C55DC820386C2E00F7B8B3 /* Build configuration list for PBXNativeTarget "SberDEXManagementTests" */ = {
			isa = XCConfigurationList;
			buildConfigurations = (
				96C55DC920386C2E00F7B8B3 /* Debug */,
				96C55DCA20386C2E00F7B8B3 /* Release */,
			);
			defaultConfigurationIsVisible = 0;
			defaultConfigurationName = Release;
		};
/* End XCConfigurationList section */
	};
	rootObject = 96C55DA020386C2D00F7B8B3 /* Project object */;
}
